// !$*UTF8*$!
{
	archiveVersion = 1;
	classes = {
	};
	objectVersion = 46;
	objects = {

/* Begin PBXBuildFile section */
		677944CFB37568DC77134E80 /* libPods-StockList Demo for OS X.a in Frameworks */ = {isa = PBXBuildFile; fileRef = 843D7EC80F34B919A727C20C /* libPods-StockList Demo for OS X.a */; };
		8C2FC72B177835B3009F4C03 /* Cocoa.framework in Frameworks */ = {isa = PBXBuildFile; fileRef = 8C2FC72A177835B3009F4C03 /* Cocoa.framework */; };
		8C2FC735177835B3009F4C03 /* InfoPlist.strings in Resources */ = {isa = PBXBuildFile; fileRef = 8C2FC733177835B3009F4C03 /* InfoPlist.strings */; };
		8C2FC737177835B3009F4C03 /* main.m in Sources */ = {isa = PBXBuildFile; fileRef = 8C2FC736177835B3009F4C03 /* main.m */; };
		8C2FC73B177835B3009F4C03 /* Credits.rtf in Resources */ = {isa = PBXBuildFile; fileRef = 8C2FC739177835B3009F4C03 /* Credits.rtf */; };
		8C2FC73E177835B3009F4C03 /* AppDelegate.m in Sources */ = {isa = PBXBuildFile; fileRef = 8C2FC73D177835B3009F4C03 /* AppDelegate.m */; };
		8C2FC741177835B3009F4C03 /* MainMenu.xib in Resources */ = {isa = PBXBuildFile; fileRef = 8C2FC73F177835B3009F4C03 /* MainMenu.xib */; };
		8C829E85177B48E300F1D0A5 /* App-icon.icns in Resources */ = {isa = PBXBuildFile; fileRef = 8C829E84177B48E300F1D0A5 /* App-icon.icns */; };
		8CC42B31177B29C6005EF21F /* InfoDrawerView.xib in Resources */ = {isa = PBXBuildFile; fileRef = 8CC42B30177B29C6005EF21F /* InfoDrawerView.xib */; };
		8CC42B33177B2D6D005EF21F /* Lightstreamer-logo.png in Resources */ = {isa = PBXBuildFile; fileRef = 8CC42B32177B2D6D005EF21F /* Lightstreamer-logo.png */; };
		8CC42B35177B3350005EF21F /* S-logo.png in Resources */ = {isa = PBXBuildFile; fileRef = 8CC42B34177B3350005EF21F /* S-logo.png */; };
		8CDBD4A4177995DA00EC914A /* StockListWindowController.m in Sources */ = {isa = PBXBuildFile; fileRef = 8CDBD4A3177995DA00EC914A /* StockListWindowController.m */; };
		8CDBD4A81779A78300EC914A /* StockListWindow.xib in Resources */ = {isa = PBXBuildFile; fileRef = 8CDBD4AA1779A78300EC914A /* StockListWindow.xib */; };
		8CDBD4AE1779A7CA00EC914A /* Arrow-up.png in Resources */ = {isa = PBXBuildFile; fileRef = 8CDBD4AC1779A7CA00EC914A /* Arrow-up.png */; };
		8CDBD4AF1779A7CA00EC914A /* Arrow-down.png in Resources */ = {isa = PBXBuildFile; fileRef = 8CDBD4AD1779A7CA00EC914A /* Arrow-down.png */; };
/* End PBXBuildFile section */

/* Begin PBXFileReference section */
		55CF009BDF354A32984233B4 /* Pods-StockList Demo for OS X.release.xcconfig */ = {isa = PBXFileReference; includeInIndex = 1; lastKnownFileType = text.xcconfig; name = "Pods-StockList Demo for OS X.release.xcconfig"; path = "Pods/Target Support Files/Pods-StockList Demo for OS X/Pods-StockList Demo for OS X.release.xcconfig"; sourceTree = "<group>"; };
		560ACF14A3C5640C1E0B88E9 /* Pods-StockList Demo for OS X.debug.xcconfig */ = {isa = PBXFileReference; includeInIndex = 1; lastKnownFileType = text.xcconfig; name = "Pods-StockList Demo for OS X.debug.xcconfig"; path = "Pods/Target Support Files/Pods-StockList Demo for OS X/Pods-StockList Demo for OS X.debug.xcconfig"; sourceTree = "<group>"; };
		843D7EC80F34B919A727C20C /* libPods-StockList Demo for OS X.a */ = {isa = PBXFileReference; explicitFileType = archive.ar; includeInIndex = 0; path = "libPods-StockList Demo for OS X.a"; sourceTree = BUILT_PRODUCTS_DIR; };
		8C2FC727177835B3009F4C03 /* StockList Demo for OS X.app */ = {isa = PBXFileReference; explicitFileType = wrapper.application; includeInIndex = 0; path = "StockList Demo for OS X.app"; sourceTree = BUILT_PRODUCTS_DIR; };
		8C2FC72A177835B3009F4C03 /* Cocoa.framework */ = {isa = PBXFileReference; lastKnownFileType = wrapper.framework; name = Cocoa.framework; path = System/Library/Frameworks/Cocoa.framework; sourceTree = SDKROOT; };
		8C2FC72D177835B3009F4C03 /* AppKit.framework */ = {isa = PBXFileReference; lastKnownFileType = wrapper.framework; name = AppKit.framework; path = System/Library/Frameworks/AppKit.framework; sourceTree = SDKROOT; };
		8C2FC72E177835B3009F4C03 /* CoreData.framework */ = {isa = PBXFileReference; lastKnownFileType = wrapper.framework; name = CoreData.framework; path = System/Library/Frameworks/CoreData.framework; sourceTree = SDKROOT; };
		8C2FC72F177835B3009F4C03 /* Foundation.framework */ = {isa = PBXFileReference; lastKnownFileType = wrapper.framework; name = Foundation.framework; path = System/Library/Frameworks/Foundation.framework; sourceTree = SDKROOT; };
		8C2FC732177835B3009F4C03 /* StockList Demo for OS X-Info.plist */ = {isa = PBXFileReference; lastKnownFileType = text.plist.xml; path = "StockList Demo for OS X-Info.plist"; sourceTree = "<group>"; };
		8C2FC734177835B3009F4C03 /* en */ = {isa = PBXFileReference; lastKnownFileType = text.plist.strings; name = en; path = en.lproj/InfoPlist.strings; sourceTree = "<group>"; };
		8C2FC736177835B3009F4C03 /* main.m */ = {isa = PBXFileReference; lastKnownFileType = sourcecode.c.objc; path = main.m; sourceTree = "<group>"; };
		8C2FC738177835B3009F4C03 /* StockList Demo for OS X-Prefix.pch */ = {isa = PBXFileReference; lastKnownFileType = sourcecode.c.h; path = "StockList Demo for OS X-Prefix.pch"; sourceTree = "<group>"; };
		8C2FC73A177835B3009F4C03 /* en */ = {isa = PBXFileReference; lastKnownFileType = text.rtf; name = en; path = en.lproj/Credits.rtf; sourceTree = "<group>"; };
		8C2FC73C177835B3009F4C03 /* AppDelegate.h */ = {isa = PBXFileReference; lastKnownFileType = sourcecode.c.h; path = AppDelegate.h; sourceTree = "<group>"; };
		8C2FC73D177835B3009F4C03 /* AppDelegate.m */ = {isa = PBXFileReference; lastKnownFileType = sourcecode.c.objc; path = AppDelegate.m; sourceTree = "<group>"; };
		8C2FC740177835B3009F4C03 /* en */ = {isa = PBXFileReference; lastKnownFileType = file.xib; name = en; path = en.lproj/MainMenu.xib; sourceTree = "<group>"; };
		8C829E84177B48E300F1D0A5 /* App-icon.icns */ = {isa = PBXFileReference; lastKnownFileType = image.icns; name = "App-icon.icns"; path = "../App-icon.icns"; sourceTree = "<group>"; };
		8CC42B30177B29C6005EF21F /* InfoDrawerView.xib */ = {isa = PBXFileReference; fileEncoding = 4; lastKnownFileType = file.xib; path = InfoDrawerView.xib; sourceTree = "<group>"; };
		8CC42B32177B2D6D005EF21F /* Lightstreamer-logo.png */ = {isa = PBXFileReference; lastKnownFileType = image.png; path = "Lightstreamer-logo.png"; sourceTree = "<group>"; };
		8CC42B34177B3350005EF21F /* S-logo.png */ = {isa = PBXFileReference; lastKnownFileType = image.png; path = "S-logo.png"; sourceTree = "<group>"; };
		8CDBD4A2177995DA00EC914A /* StockListWindowController.h */ = {isa = PBXFileReference; fileEncoding = 4; lastKnownFileType = sourcecode.c.h; path = StockListWindowController.h; sourceTree = "<group>"; };
		8CDBD4A3177995DA00EC914A /* StockListWindowController.m */ = {isa = PBXFileReference; fileEncoding = 4; lastKnownFileType = sourcecode.c.objc; path = StockListWindowController.m; sourceTree = "<group>"; };
		8CDBD4A51779988B00EC914A /* Constants.h */ = {isa = PBXFileReference; lastKnownFileType = sourcecode.c.h; path = Constants.h; sourceTree = "<group>"; };
		8CDBD4A91779A78300EC914A /* en */ = {isa = PBXFileReference; lastKnownFileType = file.xib; name = en; path = en.lproj/StockListWindow.xib; sourceTree = "<group>"; };
		8CDBD4AC1779A7CA00EC914A /* Arrow-up.png */ = {isa = PBXFileReference; lastKnownFileType = image.png; path = "Arrow-up.png"; sourceTree = "<group>"; };
		8CDBD4AD1779A7CA00EC914A /* Arrow-down.png */ = {isa = PBXFileReference; lastKnownFileType = image.png; path = "Arrow-down.png"; sourceTree = "<group>"; };
/* End PBXFileReference section */

/* Begin PBXFrameworksBuildPhase section */
		8C2FC724177835B3009F4C03 /* Frameworks */ = {
			isa = PBXFrameworksBuildPhase;
			buildActionMask = 2147483647;
			files = (
				8C2FC72B177835B3009F4C03 /* Cocoa.framework in Frameworks */,
				677944CFB37568DC77134E80 /* libPods-StockList Demo for OS X.a in Frameworks */,
			);
			runOnlyForDeploymentPostprocessing = 0;
		};
/* End PBXFrameworksBuildPhase section */

/* Begin PBXGroup section */
		01F617BEAA767AB9B2DA2FB1 /* Pods */ = {
			isa = PBXGroup;
			children = (
				560ACF14A3C5640C1E0B88E9 /* Pods-StockList Demo for OS X.debug.xcconfig */,
				55CF009BDF354A32984233B4 /* Pods-StockList Demo for OS X.release.xcconfig */,
			);
			name = Pods;
			sourceTree = "<group>";
		};
		8C2FC71E177835B3009F4C03 = {
			isa = PBXGroup;
			children = (
				8C2FC730177835B3009F4C03 /* StockList Demo for OS X */,
				8C2FC729177835B3009F4C03 /* Frameworks */,
				8C2FC728177835B3009F4C03 /* Products */,
				01F617BEAA767AB9B2DA2FB1 /* Pods */,
			);
			sourceTree = "<group>";
		};
		8C2FC728177835B3009F4C03 /* Products */ = {
			isa = PBXGroup;
			children = (
				8C2FC727177835B3009F4C03 /* StockList Demo for OS X.app */,
			);
			name = Products;
			sourceTree = "<group>";
		};
		8C2FC729177835B3009F4C03 /* Frameworks */ = {
			isa = PBXGroup;
			children = (
				8C2FC72A177835B3009F4C03 /* Cocoa.framework */,
				8C2FC72C177835B3009F4C03 /* Other Frameworks */,
				843D7EC80F34B919A727C20C /* libPods-StockList Demo for OS X.a */,
			);
			name = Frameworks;
			sourceTree = "<group>";
		};
		8C2FC72C177835B3009F4C03 /* Other Frameworks */ = {
			isa = PBXGroup;
			children = (
				8C2FC72D177835B3009F4C03 /* AppKit.framework */,
				8C2FC72E177835B3009F4C03 /* CoreData.framework */,
				8C2FC72F177835B3009F4C03 /* Foundation.framework */,
			);
			name = "Other Frameworks";
			sourceTree = "<group>";
		};
		8C2FC730177835B3009F4C03 /* StockList Demo for OS X */ = {
			isa = PBXGroup;
			children = (
				8C2FC73C177835B3009F4C03 /* AppDelegate.h */,
				8C2FC73D177835B3009F4C03 /* AppDelegate.m */,
				8CDBD4A51779988B00EC914A /* Constants.h */,
				8CDBD4A2177995DA00EC914A /* StockListWindowController.h */,
				8CDBD4A3177995DA00EC914A /* StockListWindowController.m */,
				8CDBD4AA1779A78300EC914A /* StockListWindow.xib */,
				8CC42B30177B29C6005EF21F /* InfoDrawerView.xib */,
				8C2FC73F177835B3009F4C03 /* MainMenu.xib */,
				8C2FC731177835B3009F4C03 /* Supporting Files */,
				8CDBD4AB1779A79200EC914A /* Graphics */,
			);
			path = "StockList Demo for OS X";
			sourceTree = "<group>";
		};
		8C2FC731177835B3009F4C03 /* Supporting Files */ = {
			isa = PBXGroup;
			children = (
				8C2FC732177835B3009F4C03 /* StockList Demo for OS X-Info.plist */,
				8C2FC733177835B3009F4C03 /* InfoPlist.strings */,
				8C2FC736177835B3009F4C03 /* main.m */,
				8C2FC738177835B3009F4C03 /* StockList Demo for OS X-Prefix.pch */,
				8C2FC739177835B3009F4C03 /* Credits.rtf */,
			);
			name = "Supporting Files";
			sourceTree = "<group>";
		};
		8CDBD4AB1779A79200EC914A /* Graphics */ = {
			isa = PBXGroup;
			children = (
				8C829E84177B48E300F1D0A5 /* App-icon.icns */,
				8CC42B34177B3350005EF21F /* S-logo.png */,
				8CC42B32177B2D6D005EF21F /* Lightstreamer-logo.png */,
				8CDBD4AC1779A7CA00EC914A /* Arrow-up.png */,
				8CDBD4AD1779A7CA00EC914A /* Arrow-down.png */,
			);
			name = Graphics;
			sourceTree = "<group>";
		};
/* End PBXGroup section */

/* Begin PBXNativeTarget section */
		8C2FC726177835B3009F4C03 /* StockList Demo for OS X */ = {
			isa = PBXNativeTarget;
			buildConfigurationList = 8C2FC744177835B3009F4C03 /* Build configuration list for PBXNativeTarget "StockList Demo for OS X" */;
			buildPhases = (
				6312AB28AB951DFB01D50ECD /* 📦 Check Pods Manifest.lock */,
				8C2FC723177835B3009F4C03 /* Sources */,
				8C2FC724177835B3009F4C03 /* Frameworks */,
				8C2FC725177835B3009F4C03 /* Resources */,
				1DD147C56338CC74FAFF926D /* 📦 Embed Pods Frameworks */,
				0949EC47131F95B764793279 /* 📦 Copy Pods Resources */,
			);
			buildRules = (
			);
			dependencies = (
			);
			name = "StockList Demo for OS X";
			productName = "StockList Demo for OS X";
			productReference = 8C2FC727177835B3009F4C03 /* StockList Demo for OS X.app */;
			productType = "com.apple.product-type.application";
		};
/* End PBXNativeTarget section */

/* Begin PBXProject section */
		8C2FC71F177835B3009F4C03 /* Project object */ = {
			isa = PBXProject;
			attributes = {
				LastUpgradeCheck = 0700;
				ORGANIZATIONNAME = Weswit;
			};
			buildConfigurationList = 8C2FC722177835B3009F4C03 /* Build configuration list for PBXProject "StockList Demo for OS X" */;
			compatibilityVersion = "Xcode 3.2";
			developmentRegion = English;
			hasScannedForEncodings = 0;
			knownRegions = (
				en,
			);
			mainGroup = 8C2FC71E177835B3009F4C03;
			productRefGroup = 8C2FC728177835B3009F4C03 /* Products */;
			projectDirPath = "";
			projectRoot = "";
			targets = (
				8C2FC726177835B3009F4C03 /* StockList Demo for OS X */,
			);
		};
/* End PBXProject section */

/* Begin PBXResourcesBuildPhase section */
		8C2FC725177835B3009F4C03 /* Resources */ = {
			isa = PBXResourcesBuildPhase;
			buildActionMask = 2147483647;
			files = (
				8C2FC735177835B3009F4C03 /* InfoPlist.strings in Resources */,
				8C2FC73B177835B3009F4C03 /* Credits.rtf in Resources */,
				8C2FC741177835B3009F4C03 /* MainMenu.xib in Resources */,
				8CDBD4A81779A78300EC914A /* StockListWindow.xib in Resources */,
				8CDBD4AE1779A7CA00EC914A /* Arrow-up.png in Resources */,
				8CDBD4AF1779A7CA00EC914A /* Arrow-down.png in Resources */,
				8CC42B31177B29C6005EF21F /* InfoDrawerView.xib in Resources */,
				8CC42B33177B2D6D005EF21F /* Lightstreamer-logo.png in Resources */,
				8CC42B35177B3350005EF21F /* S-logo.png in Resources */,
				8C829E85177B48E300F1D0A5 /* App-icon.icns in Resources */,
			);
			runOnlyForDeploymentPostprocessing = 0;
		};
/* End PBXResourcesBuildPhase section */

/* Begin PBXShellScriptBuildPhase section */
		0949EC47131F95B764793279 /* 📦 Copy Pods Resources */ = {
			isa = PBXShellScriptBuildPhase;
			buildActionMask = 2147483647;
			files = (
			);
			inputPaths = (
			);
			name = "📦 Copy Pods Resources";
			outputPaths = (
			);
			runOnlyForDeploymentPostprocessing = 0;
			shellPath = /bin/sh;
			shellScript = "\"${SRCROOT}/Pods/Target Support Files/Pods-StockList Demo for OS X/Pods-StockList Demo for OS X-resources.sh\"\n";
			showEnvVarsInLog = 0;
		};
		1DD147C56338CC74FAFF926D /* 📦 Embed Pods Frameworks */ = {
			isa = PBXShellScriptBuildPhase;
			buildActionMask = 2147483647;
			files = (
			);
			inputPaths = (
			);
			name = "📦 Embed Pods Frameworks";
			outputPaths = (
			);
			runOnlyForDeploymentPostprocessing = 0;
			shellPath = /bin/sh;
			shellScript = "\"${SRCROOT}/Pods/Target Support Files/Pods-StockList Demo for OS X/Pods-StockList Demo for OS X-frameworks.sh\"\n";
			showEnvVarsInLog = 0;
		};
		6312AB28AB951DFB01D50ECD /* 📦 Check Pods Manifest.lock */ = {
			isa = PBXShellScriptBuildPhase;
			buildActionMask = 2147483647;
			files = (
			);
			inputPaths = (
			);
			name = "📦 Check Pods Manifest.lock";
			outputPaths = (
			);
			runOnlyForDeploymentPostprocessing = 0;
			shellPath = /bin/sh;
			shellScript = "diff \"${PODS_ROOT}/../Podfile.lock\" \"${PODS_ROOT}/Manifest.lock\" > /dev/null\nif [[ $? != 0 ]] ; then\n    cat << EOM\nerror: The sandbox is not in sync with the Podfile.lock. Run 'pod install' or update your CocoaPods installation.\nEOM\n    exit 1\nfi\n";
			showEnvVarsInLog = 0;
		};
/* End PBXShellScriptBuildPhase section */

/* Begin PBXSourcesBuildPhase section */
		8C2FC723177835B3009F4C03 /* Sources */ = {
			isa = PBXSourcesBuildPhase;
			buildActionMask = 2147483647;
			files = (
				8C2FC737177835B3009F4C03 /* main.m in Sources */,
				8C2FC73E177835B3009F4C03 /* AppDelegate.m in Sources */,
				8CDBD4A4177995DA00EC914A /* StockListWindowController.m in Sources */,
			);
			runOnlyForDeploymentPostprocessing = 0;
		};
/* End PBXSourcesBuildPhase section */

/* Begin PBXVariantGroup section */
		8C2FC733177835B3009F4C03 /* InfoPlist.strings */ = {
			isa = PBXVariantGroup;
			children = (
				8C2FC734177835B3009F4C03 /* en */,
			);
			name = InfoPlist.strings;
			sourceTree = "<group>";
		};
		8C2FC739177835B3009F4C03 /* Credits.rtf */ = {
			isa = PBXVariantGroup;
			children = (
				8C2FC73A177835B3009F4C03 /* en */,
			);
			name = Credits.rtf;
			sourceTree = "<group>";
		};
		8C2FC73F177835B3009F4C03 /* MainMenu.xib */ = {
			isa = PBXVariantGroup;
			children = (
				8C2FC740177835B3009F4C03 /* en */,
			);
			name = MainMenu.xib;
			sourceTree = "<group>";
		};
		8CDBD4AA1779A78300EC914A /* StockListWindow.xib */ = {
			isa = PBXVariantGroup;
			children = (
				8CDBD4A91779A78300EC914A /* en */,
			);
			name = StockListWindow.xib;
			sourceTree = "<group>";
		};
/* End PBXVariantGroup section */

/* Begin XCBuildConfiguration section */
		8C2FC742177835B3009F4C03 /* Debug */ = {
			isa = XCBuildConfiguration;
			buildSettings = {
				ALWAYS_SEARCH_USER_PATHS = NO;
				CLANG_CXX_LANGUAGE_STANDARD = "gnu++0x";
				CLANG_CXX_LIBRARY = "libc++";
				CLANG_WARN_CONSTANT_CONVERSION = YES;
				CLANG_WARN_EMPTY_BODY = YES;
				CLANG_WARN_ENUM_CONVERSION = YES;
				CLANG_WARN_INT_CONVERSION = YES;
				CLANG_WARN__DUPLICATE_METHOD_MATCH = YES;
				COPY_PHASE_STRIP = NO;
				ENABLE_TESTABILITY = YES;
				GCC_C_LANGUAGE_STANDARD = gnu99;
				GCC_DYNAMIC_NO_PIC = NO;
				GCC_ENABLE_OBJC_EXCEPTIONS = YES;
				GCC_OPTIMIZATION_LEVEL = 0;
				GCC_PREPROCESSOR_DEFINITIONS = (
					"DEBUG=1",
					"$(inherited)",
				);
				GCC_SYMBOLS_PRIVATE_EXTERN = NO;
				GCC_WARN_64_TO_32_BIT_CONVERSION = YES;
				GCC_WARN_ABOUT_RETURN_TYPE = YES;
				GCC_WARN_UNINITIALIZED_AUTOS = YES;
				GCC_WARN_UNUSED_VARIABLE = YES;
				MACOSX_DEPLOYMENT_TARGET = 10.8;
				ONLY_ACTIVE_ARCH = YES;
				SDKROOT = macosx;
			};
			name = Debug;
		};
		8C2FC743177835B3009F4C03 /* Release */ = {
			isa = XCBuildConfiguration;
			buildSettings = {
				ALWAYS_SEARCH_USER_PATHS = NO;
				CLANG_CXX_LANGUAGE_STANDARD = "gnu++0x";
				CLANG_CXX_LIBRARY = "libc++";
				CLANG_WARN_CONSTANT_CONVERSION = YES;
				CLANG_WARN_EMPTY_BODY = YES;
				CLANG_WARN_ENUM_CONVERSION = YES;
				CLANG_WARN_INT_CONVERSION = YES;
				CLANG_WARN__DUPLICATE_METHOD_MATCH = YES;
				COPY_PHASE_STRIP = YES;
				DEBUG_INFORMATION_FORMAT = "dwarf-with-dsym";
				GCC_C_LANGUAGE_STANDARD = gnu99;
				GCC_ENABLE_OBJC_EXCEPTIONS = YES;
				GCC_WARN_64_TO_32_BIT_CONVERSION = YES;
				GCC_WARN_ABOUT_RETURN_TYPE = YES;
				GCC_WARN_UNINITIALIZED_AUTOS = YES;
				GCC_WARN_UNUSED_VARIABLE = YES;
				MACOSX_DEPLOYMENT_TARGET = 10.8;
				SDKROOT = macosx;
			};
			name = Release;
		};
		8C2FC745177835B3009F4C03 /* Debug */ = {
			isa = XCBuildConfiguration;
			baseConfigurationReference = 560ACF14A3C5640C1E0B88E9 /* Pods-StockList Demo for OS X.debug.xcconfig */;
			buildSettings = {
				CLANG_ENABLE_OBJC_ARC = YES;
				COMBINE_HIDPI_IMAGES = YES;
				GCC_PRECOMPILE_PREFIX_HEADER = YES;
				GCC_PREFIX_HEADER = "StockList Demo for OS X/StockList Demo for OS X-Prefix.pch";
				INFOPLIST_FILE = "StockList Demo for OS X/StockList Demo for OS X-Info.plist";
				MACOSX_DEPLOYMENT_TARGET = 10.7;
				OTHER_CFLAGS = (
					"-DUSE_LOCALHOST=$(USE_LOCALHOST)",
					"$(inherited)",
				);
				PRODUCT_BUNDLE_IDENTIFIER = com.lightstreamer.osx.stockslist;
				PRODUCT_NAME = "$(TARGET_NAME)";
				USE_LOCALHOST = 0;
				WRAPPER_EXTENSION = app;
			};
			name = Debug;
		};
		8C2FC746177835B3009F4C03 /* Release */ = {
			isa = XCBuildConfiguration;
			baseConfigurationReference = 55CF009BDF354A32984233B4 /* Pods-StockList Demo for OS X.release.xcconfig */;
			buildSettings = {
				CLANG_ENABLE_OBJC_ARC = YES;
				COMBINE_HIDPI_IMAGES = YES;
				GCC_PRECOMPILE_PREFIX_HEADER = YES;
				GCC_PREFIX_HEADER = "StockList Demo for OS X/StockList Demo for OS X-Prefix.pch";
				INFOPLIST_FILE = "StockList Demo for OS X/StockList Demo for OS X-Info.plist";
				MACOSX_DEPLOYMENT_TARGET = 10.7;
				OTHER_CFLAGS = (
					"-DUSE_LOCALHOST=$(USE_LOCALHOST)",
					"$(inherited)",
				);
				PRODUCT_BUNDLE_IDENTIFIER = com.lightstreamer.osx.stockslist;
				PRODUCT_NAME = "$(TARGET_NAME)";
				USE_LOCALHOST = 0;
				WRAPPER_EXTENSION = app;
			};
			name = Release;
		};
/* End XCBuildConfiguration section */

/* Begin XCConfigurationList section */
		8C2FC722177835B3009F4C03 /* Build configuration list for PBXProject "StockList Demo for OS X" */ = {
			isa = XCConfigurationList;
			buildConfigurations = (
				8C2FC742177835B3009F4C03 /* Debug */,
				8C2FC743177835B3009F4C03 /* Release */,
			);
			defaultConfigurationIsVisible = 0;
			defaultConfigurationName = Release;
		};
		8C2FC744177835B3009F4C03 /* Build configuration list for PBXNativeTarget "StockList Demo for OS X" */ = {
			isa = XCConfigurationList;
			buildConfigurations = (
				8C2FC745177835B3009F4C03 /* Debug */,
				8C2FC746177835B3009F4C03 /* Release */,
			);
			defaultConfigurationIsVisible = 0;
			defaultConfigurationName = Release;
		};
/* End XCConfigurationList section */
	};
	rootObject = 8C2FC71F177835B3009F4C03 /* Project object */;
}
