// !$*UTF8*$!
{
	archiveVersion = 1;
	classes = {
	};
	objectVersion = 52;
	objects = {

/* Begin PBXBuildFile section */
		578EFE8126F07706003207E3 /* StockListWindowController.swift in Sources */ = {isa = PBXBuildFile; fileRef = 578EFE8026F07706003207E3 /* StockListWindowController.swift */; };
		578EFE8326F077A8003207E3 /* Constants.swift in Sources */ = {isa = PBXBuildFile; fileRef = 578EFE8226F077A8003207E3 /* Constants.swift */; };
		57971FC626F4D0EC00058B04 /* LightstreamerClient in Frameworks */ = {isa = PBXBuildFile; productRef = 57971FC526F4D0EC00058B04 /* LightstreamerClient */; };
		8C2FC72B177835B3009F4C03 /* Cocoa.framework in Frameworks */ = {isa = PBXBuildFile; fileRef = 8C2FC72A177835B3009F4C03 /* Cocoa.framework */; };
		8C2FC735177835B3009F4C03 /* InfoPlist.strings in Resources */ = {isa = PBXBuildFile; fileRef = 8C2FC733177835B3009F4C03 /* InfoPlist.strings */; };
		8C2FC73B177835B3009F4C03 /* Credits.rtf in Resources */ = {isa = PBXBuildFile; fileRef = 8C2FC739177835B3009F4C03 /* Credits.rtf */; };
		8C2FC73E177835B3009F4C03 /* AppDelegate.swift in Sources */ = {isa = PBXBuildFile; fileRef = 8C2FC73D177835B3009F4C03 /* AppDelegate.swift */; };
		8C2FC741177835B3009F4C03 /* MainMenu.xib in Resources */ = {isa = PBXBuildFile; fileRef = 8C2FC73F177835B3009F4C03 /* MainMenu.xib */; };
		8C64AD271FFE478000DC9F6D /* Media.xcassets in Resources */ = {isa = PBXBuildFile; fileRef = 8C64AD261FFE478000DC9F6D /* Media.xcassets */; };
		8CC42B31177B29C6005EF21F /* InfoDrawerView.xib in Resources */ = {isa = PBXBuildFile; fileRef = 8CC42B30177B29C6005EF21F /* InfoDrawerView.xib */; };
		8CDBD4A81779A78300EC914A /* StockListWindow.xib in Resources */ = {isa = PBXBuildFile; fileRef = 8CDBD4AA1779A78300EC914A /* StockListWindow.xib */; };
/* End PBXBuildFile section */

/* Begin PBXFileReference section */
		578EFE8026F07706003207E3 /* StockListWindowController.swift */ = {isa = PBXFileReference; fileEncoding = 4; lastKnownFileType = sourcecode.swift; path = StockListWindowController.swift; sourceTree = "<group>"; };
		578EFE8226F077A8003207E3 /* Constants.swift */ = {isa = PBXFileReference; lastKnownFileType = sourcecode.swift; path = Constants.swift; sourceTree = "<group>"; };
		57971FC226F4D0A200058B04 /* README.md */ = {isa = PBXFileReference; lastKnownFileType = net.daringfireball.markdown; path = README.md; sourceTree = "<group>"; };
		57971FC326F4D0A200058B04 /* LICENSE */ = {isa = PBXFileReference; lastKnownFileType = text; path = LICENSE; sourceTree = "<group>"; };
		8C2FC727177835B3009F4C03 /* StockList Demo for macOS.app */ = {isa = PBXFileReference; explicitFileType = wrapper.application; includeInIndex = 0; path = "StockList Demo for macOS.app"; sourceTree = BUILT_PRODUCTS_DIR; };
		8C2FC72A177835B3009F4C03 /* Cocoa.framework */ = {isa = PBXFileReference; lastKnownFileType = wrapper.framework; name = Cocoa.framework; path = System/Library/Frameworks/Cocoa.framework; sourceTree = SDKROOT; };
		8C2FC72D177835B3009F4C03 /* AppKit.framework */ = {isa = PBXFileReference; lastKnownFileType = wrapper.framework; name = AppKit.framework; path = System/Library/Frameworks/AppKit.framework; sourceTree = SDKROOT; };
		8C2FC72E177835B3009F4C03 /* CoreData.framework */ = {isa = PBXFileReference; lastKnownFileType = wrapper.framework; name = CoreData.framework; path = System/Library/Frameworks/CoreData.framework; sourceTree = SDKROOT; };
		8C2FC72F177835B3009F4C03 /* Foundation.framework */ = {isa = PBXFileReference; lastKnownFileType = wrapper.framework; name = Foundation.framework; path = System/Library/Frameworks/Foundation.framework; sourceTree = SDKROOT; };
		8C2FC732177835B3009F4C03 /* StockList Demo for macOS-Info.plist */ = {isa = PBXFileReference; lastKnownFileType = text.plist.xml; path = "StockList Demo for macOS-Info.plist"; sourceTree = "<group>"; };
		8C2FC734177835B3009F4C03 /* en */ = {isa = PBXFileReference; lastKnownFileType = text.plist.strings; name = en; path = en.lproj/InfoPlist.strings; sourceTree = "<group>"; };
		8C2FC73A177835B3009F4C03 /* en */ = {isa = PBXFileReference; lastKnownFileType = text.rtf; name = en; path = en.lproj/Credits.rtf; sourceTree = "<group>"; };
		8C2FC73D177835B3009F4C03 /* AppDelegate.swift */ = {isa = PBXFileReference; lastKnownFileType = sourcecode.swift; path = AppDelegate.swift; sourceTree = "<group>"; };
		8C64AD261FFE478000DC9F6D /* Media.xcassets */ = {isa = PBXFileReference; lastKnownFileType = folder.assetcatalog; path = Media.xcassets; sourceTree = "<group>"; };
		8C64AD281FFE68E200DC9F6D /* StockList Demo for macOS.entitlements */ = {isa = PBXFileReference; lastKnownFileType = text.plist.entitlements; path = "StockList Demo for macOS.entitlements"; sourceTree = "<group>"; };
		8C9B1BCD2463213800D8D2C3 /* Base */ = {isa = PBXFileReference; lastKnownFileType = file.xib; name = Base; path = Base.lproj/StockListWindow.xib; sourceTree = "<group>"; };
		8C9B1BCE2463213800D8D2C3 /* Base */ = {isa = PBXFileReference; lastKnownFileType = file.xib; name = Base; path = Base.lproj/MainMenu.xib; sourceTree = "<group>"; };
		8CC42B30177B29C6005EF21F /* InfoDrawerView.xib */ = {isa = PBXFileReference; fileEncoding = 4; lastKnownFileType = file.xib; path = InfoDrawerView.xib; sourceTree = "<group>"; };
/* End PBXFileReference section */

/* Begin PBXFrameworksBuildPhase section */
		8C2FC724177835B3009F4C03 /* Frameworks */ = {
			isa = PBXFrameworksBuildPhase;
			buildActionMask = 2147483647;
			files = (
				8C2FC72B177835B3009F4C03 /* Cocoa.framework in Frameworks */,
				57971FC626F4D0EC00058B04 /* LightstreamerClient in Frameworks */,
			);
			runOnlyForDeploymentPostprocessing = 0;
		};
/* End PBXFrameworksBuildPhase section */

/* Begin PBXGroup section */
		8C2FC71E177835B3009F4C03 = {
			isa = PBXGroup;
			children = (
				57971FC326F4D0A200058B04 /* LICENSE */,
				57971FC226F4D0A200058B04 /* README.md */,
				8C2FC730177835B3009F4C03 /* StockList Demo for macOS */,
				8C2FC729177835B3009F4C03 /* Frameworks */,
				8C2FC728177835B3009F4C03 /* Products */,
			);
			sourceTree = "<group>";
		};
		8C2FC728177835B3009F4C03 /* Products */ = {
			isa = PBXGroup;
			children = (
				8C2FC727177835B3009F4C03 /* StockList Demo for macOS.app */,
			);
			name = Products;
			sourceTree = "<group>";
		};
		8C2FC729177835B3009F4C03 /* Frameworks */ = {
			isa = PBXGroup;
			children = (
				8C2FC72A177835B3009F4C03 /* Cocoa.framework */,
				8C2FC72C177835B3009F4C03 /* Other Frameworks */,
			);
			name = Frameworks;
			sourceTree = "<group>";
		};
		8C2FC72C177835B3009F4C03 /* Other Frameworks */ = {
			isa = PBXGroup;
			children = (
				8C2FC72D177835B3009F4C03 /* AppKit.framework */,
				8C2FC72E177835B3009F4C03 /* CoreData.framework */,
				8C2FC72F177835B3009F4C03 /* Foundation.framework */,
			);
			name = "Other Frameworks";
			sourceTree = "<group>";
		};
		8C2FC730177835B3009F4C03 /* StockList Demo for macOS */ = {
			isa = PBXGroup;
			children = (
				578EFE8026F07706003207E3 /* StockListWindowController.swift */,
				8C64AD281FFE68E200DC9F6D /* StockList Demo for macOS.entitlements */,
				8C2FC73D177835B3009F4C03 /* AppDelegate.swift */,
				8CDBD4AA1779A78300EC914A /* StockListWindow.xib */,
				8CC42B30177B29C6005EF21F /* InfoDrawerView.xib */,
				8C2FC73F177835B3009F4C03 /* MainMenu.xib */,
				8C64AD261FFE478000DC9F6D /* Media.xcassets */,
				8C2FC731177835B3009F4C03 /* Supporting Files */,
				578EFE8226F077A8003207E3 /* Constants.swift */,
			);
			path = "StockList Demo for macOS";
			sourceTree = "<group>";
		};
		8C2FC731177835B3009F4C03 /* Supporting Files */ = {
			isa = PBXGroup;
			children = (
				8C2FC732177835B3009F4C03 /* StockList Demo for macOS-Info.plist */,
				8C2FC733177835B3009F4C03 /* InfoPlist.strings */,
				8C2FC739177835B3009F4C03 /* Credits.rtf */,
			);
			name = "Supporting Files";
			sourceTree = "<group>";
		};
/* End PBXGroup section */

/* Begin PBXNativeTarget section */
		8C2FC726177835B3009F4C03 /* StockList Demo for macOS */ = {
			isa = PBXNativeTarget;
			buildConfigurationList = 8C2FC744177835B3009F4C03 /* Build configuration list for PBXNativeTarget "StockList Demo for macOS" */;
			buildPhases = (
				8C2FC723177835B3009F4C03 /* Sources */,
				8C2FC724177835B3009F4C03 /* Frameworks */,
				8C2FC725177835B3009F4C03 /* Resources */,
			);
			buildRules = (
			);
			dependencies = (
			);
			name = "StockList Demo for macOS";
			packageProductDependencies = (
				57971FC526F4D0EC00058B04 /* LightstreamerClient */,
			);
			productName = "StockList Demo for OS X";
			productReference = 8C2FC727177835B3009F4C03 /* StockList Demo for macOS.app */;
			productType = "com.apple.product-type.application";
		};
/* End PBXNativeTarget section */

/* Begin PBXProject section */
		8C2FC71F177835B3009F4C03 /* Project object */ = {
			isa = PBXProject;
			attributes = {
				LastUpgradeCheck = 1250;
				ORGANIZATIONNAME = Weswit;
				TargetAttributes = {
					8C2FC726177835B3009F4C03 = {
						DevelopmentTeam = 7PGFJN8WH5;
						SystemCapabilities = {
							com.apple.Sandbox = {
								enabled = 1;
							};
						};
					};
				};
			};
			buildConfigurationList = 8C2FC722177835B3009F4C03 /* Build configuration list for PBXProject "StockList Demo for macOS" */;
			compatibilityVersion = "Xcode 3.2";
			developmentRegion = en;
			hasScannedForEncodings = 0;
			knownRegions = (
				en,
				Base,
			);
			mainGroup = 8C2FC71E177835B3009F4C03;
			packageReferences = (
				57971FC426F4D0EC00058B04 /* XCRemoteSwiftPackageReference "Lightstreamer-lib-client-swift" */,
			);
			productRefGroup = 8C2FC728177835B3009F4C03 /* Products */;
			projectDirPath = "";
			projectRoot = "";
			targets = (
				8C2FC726177835B3009F4C03 /* StockList Demo for macOS */,
			);
		};
/* End PBXProject section */

/* Begin PBXResourcesBuildPhase section */
		8C2FC725177835B3009F4C03 /* Resources */ = {
			isa = PBXResourcesBuildPhase;
			buildActionMask = 2147483647;
			files = (
				8C2FC735177835B3009F4C03 /* InfoPlist.strings in Resources */,
				8C2FC73B177835B3009F4C03 /* Credits.rtf in Resources */,
				8C2FC741177835B3009F4C03 /* MainMenu.xib in Resources */,
				8CDBD4A81779A78300EC914A /* StockListWindow.xib in Resources */,
				8C64AD271FFE478000DC9F6D /* Media.xcassets in Resources */,
				8CC42B31177B29C6005EF21F /* InfoDrawerView.xib in Resources */,
			);
			runOnlyForDeploymentPostprocessing = 0;
		};
/* End PBXResourcesBuildPhase section */

/* Begin PBXSourcesBuildPhase section */
		8C2FC723177835B3009F4C03 /* Sources */ = {
			isa = PBXSourcesBuildPhase;
			buildActionMask = 2147483647;
			files = (
				578EFE8326F077A8003207E3 /* Constants.swift in Sources */,
				8C2FC73E177835B3009F4C03 /* AppDelegate.swift in Sources */,
				578EFE8126F07706003207E3 /* StockListWindowController.swift in Sources */,
			);
			runOnlyForDeploymentPostprocessing = 0;
		};
/* End PBXSourcesBuildPhase section */

/* Begin PBXVariantGroup section */
		8C2FC733177835B3009F4C03 /* InfoPlist.strings */ = {
			isa = PBXVariantGroup;
			children = (
				8C2FC734177835B3009F4C03 /* en */,
			);
			name = InfoPlist.strings;
			sourceTree = "<group>";
		};
		8C2FC739177835B3009F4C03 /* Credits.rtf */ = {
			isa = PBXVariantGroup;
			children = (
				8C2FC73A177835B3009F4C03 /* en */,
			);
			name = Credits.rtf;
			sourceTree = "<group>";
		};
		8C2FC73F177835B3009F4C03 /* MainMenu.xib */ = {
			isa = PBXVariantGroup;
			children = (
				8C9B1BCE2463213800D8D2C3 /* Base */,
			);
			name = MainMenu.xib;
			sourceTree = "<group>";
		};
		8CDBD4AA1779A78300EC914A /* StockListWindow.xib */ = {
			isa = PBXVariantGroup;
			children = (
				8C9B1BCD2463213800D8D2C3 /* Base */,
			);
			name = StockListWindow.xib;
			sourceTree = "<group>";
		};
/* End PBXVariantGroup section */

/* Begin XCBuildConfiguration section */
		8C2FC742177835B3009F4C03 /* Debug */ = {
			isa = XCBuildConfiguration;
			buildSettings = {
				CLANG_ANALYZER_LOCALIZABILITY_NONLOCALIZED = YES;
				CLANG_CXX_LANGUAGE_STANDARD = "gnu++0x";
				CLANG_CXX_LIBRARY = "libc++";
				CLANG_WARN_BLOCK_CAPTURE_AUTORELEASING = YES;
				CLANG_WARN_BOOL_CONVERSION = YES;
				CLANG_WARN_COMMA = YES;
				CLANG_WARN_CONSTANT_CONVERSION = YES;
				CLANG_WARN_DEPRECATED_OBJC_IMPLEMENTATIONS = YES;
				CLANG_WARN_EMPTY_BODY = YES;
				CLANG_WARN_ENUM_CONVERSION = YES;
				CLANG_WARN_INFINITE_RECURSION = YES;
				CLANG_WARN_INT_CONVERSION = YES;
				CLANG_WARN_NON_LITERAL_NULL_CONVERSION = YES;
				CLANG_WARN_OBJC_IMPLICIT_RETAIN_SELF = YES;
				CLANG_WARN_OBJC_LITERAL_CONVERSION = YES;
				CLANG_WARN_QUOTED_INCLUDE_IN_FRAMEWORK_HEADER = YES;
				CLANG_WARN_RANGE_LOOP_ANALYSIS = YES;
				CLANG_WARN_STRICT_PROTOTYPES = YES;
				CLANG_WARN_SUSPICIOUS_MOVE = YES;
				CLANG_WARN_UNREACHABLE_CODE = YES;
				CLANG_WARN__DUPLICATE_METHOD_MATCH = YES;
				COPY_PHASE_STRIP = NO;
				ENABLE_STRICT_OBJC_MSGSEND = YES;
				ENABLE_TESTABILITY = YES;
				GCC_C_LANGUAGE_STANDARD = gnu99;
				GCC_DYNAMIC_NO_PIC = NO;
				GCC_ENABLE_OBJC_EXCEPTIONS = YES;
				GCC_NO_COMMON_BLOCKS = YES;
				GCC_OPTIMIZATION_LEVEL = 0;
				GCC_PREPROCESSOR_DEFINITIONS = (
					"DEBUG=1",
					"$(inherited)",
				);
				GCC_SYMBOLS_PRIVATE_EXTERN = NO;
				GCC_WARN_64_TO_32_BIT_CONVERSION = YES;
				GCC_WARN_ABOUT_RETURN_TYPE = YES;
				GCC_WARN_UNDECLARED_SELECTOR = YES;
				GCC_WARN_UNINITIALIZED_AUTOS = YES;
				GCC_WARN_UNUSED_FUNCTION = YES;
				GCC_WARN_UNUSED_VARIABLE = YES;
				MACOSX_DEPLOYMENT_TARGET = 10.12;
				ONLY_ACTIVE_ARCH = YES;
				SDKROOT = macosx;
			};
			name = Debug;
		};
		8C2FC743177835B3009F4C03 /* Release */ = {
			isa = XCBuildConfiguration;
			buildSettings = {
				CLANG_ANALYZER_LOCALIZABILITY_NONLOCALIZED = YES;
				CLANG_CXX_LANGUAGE_STANDARD = "gnu++0x";
				CLANG_CXX_LIBRARY = "libc++";
				CLANG_WARN_BLOCK_CAPTURE_AUTORELEASING = YES;
				CLANG_WARN_BOOL_CONVERSION = YES;
				CLANG_WARN_COMMA = YES;
				CLANG_WARN_CONSTANT_CONVERSION = YES;
				CLANG_WARN_DEPRECATED_OBJC_IMPLEMENTATIONS = YES;
				CLANG_WARN_EMPTY_BODY = YES;
				CLANG_WARN_ENUM_CONVERSION = YES;
				CLANG_WARN_INFINITE_RECURSION = YES;
				CLANG_WARN_INT_CONVERSION = YES;
				CLANG_WARN_NON_LITERAL_NULL_CONVERSION = YES;
				CLANG_WARN_OBJC_IMPLICIT_RETAIN_SELF = YES;
				CLANG_WARN_OBJC_LITERAL_CONVERSION = YES;
				CLANG_WARN_QUOTED_INCLUDE_IN_FRAMEWORK_HEADER = YES;
				CLANG_WARN_RANGE_LOOP_ANALYSIS = YES;
				CLANG_WARN_STRICT_PROTOTYPES = YES;
				CLANG_WARN_SUSPICIOUS_MOVE = YES;
				CLANG_WARN_UNREACHABLE_CODE = YES;
				CLANG_WARN__DUPLICATE_METHOD_MATCH = YES;
				COPY_PHASE_STRIP = YES;
				DEBUG_INFORMATION_FORMAT = "dwarf-with-dsym";
				ENABLE_STRICT_OBJC_MSGSEND = YES;
				GCC_C_LANGUAGE_STANDARD = gnu99;
				GCC_ENABLE_OBJC_EXCEPTIONS = YES;
				GCC_NO_COMMON_BLOCKS = YES;
				GCC_WARN_64_TO_32_BIT_CONVERSION = YES;
				GCC_WARN_ABOUT_RETURN_TYPE = YES;
				GCC_WARN_UNDECLARED_SELECTOR = YES;
				GCC_WARN_UNINITIALIZED_AUTOS = YES;
				GCC_WARN_UNUSED_FUNCTION = YES;
				GCC_WARN_UNUSED_VARIABLE = YES;
				MACOSX_DEPLOYMENT_TARGET = 10.12;
				SDKROOT = macosx;
				SWIFT_COMPILATION_MODE = wholemodule;
			};
			name = Release;
		};
		8C2FC745177835B3009F4C03 /* Debug */ = {
			isa = XCBuildConfiguration;
			buildSettings = {
				ASSETCATALOG_COMPILER_APPICON_NAME = AppIcon;
				CLANG_ENABLE_MODULES = YES;
				CLANG_ENABLE_OBJC_ARC = YES;
				CODE_SIGN_ENTITLEMENTS = "StockList Demo for macOS/StockList Demo for macOS.entitlements";
				CODE_SIGN_IDENTITY = "Mac Developer";
				COMBINE_HIDPI_IMAGES = YES;
				CURRENT_PROJECT_VERSION = 1.5.0;
				DEVELOPMENT_TEAM = 7PGFJN8WH5;
				ENABLE_HARDENED_RUNTIME = YES;
				GCC_PRECOMPILE_PREFIX_HEADER = YES;
				GCC_PREFIX_HEADER = "StockList Demo for macOS/StockList Demo for macOS-Prefix.pch";
				INFOPLIST_FILE = "StockList Demo for macOS/StockList Demo for macOS-Info.plist";
				LD_RUNPATH_SEARCH_PATHS = (
					"$(inherited)",
					"@executable_path/../Frameworks",
				);
				MACOSX_DEPLOYMENT_TARGET = 10.13;
				MARKETING_VERSION = 1.5.0;
				OTHER_CFLAGS = (
					"-DUSE_LOCALHOST=$(USE_LOCALHOST)",
					"$(inherited)",
				);
				PRODUCT_BUNDLE_IDENTIFIER = com.lightstreamer.macos.stockslist;
				PRODUCT_NAME = "$(TARGET_NAME)";
				SWIFT_OPTIMIZATION_LEVEL = "-Onone";
				SWIFT_VERSION = 5.0;
				USE_LOCALHOST = 0;
				WRAPPER_EXTENSION = app;
			};
			name = Debug;
		};
		8C2FC746177835B3009F4C03 /* Release */ = {
			isa = XCBuildConfiguration;
			buildSettings = {
				ASSETCATALOG_COMPILER_APPICON_NAME = AppIcon;
				CLANG_ENABLE_MODULES = YES;
				CLANG_ENABLE_OBJC_ARC = YES;
				CODE_SIGN_ENTITLEMENTS = "StockList Demo for macOS/StockList Demo for macOS.entitlements";
				CODE_SIGN_IDENTITY = "Mac Developer";
				COMBINE_HIDPI_IMAGES = YES;
				CURRENT_PROJECT_VERSION = 1.5.0;
				DEVELOPMENT_TEAM = 7PGFJN8WH5;
				ENABLE_HARDENED_RUNTIME = YES;
				GCC_PRECOMPILE_PREFIX_HEADER = YES;
				GCC_PREFIX_HEADER = "StockList Demo for macOS/StockList Demo for macOS-Prefix.pch";
				INFOPLIST_FILE = "StockList Demo for macOS/StockList Demo for macOS-Info.plist";
				LD_RUNPATH_SEARCH_PATHS = (
					"$(inherited)",
					"@executable_path/../Frameworks",
				);
				MACOSX_DEPLOYMENT_TARGET = 10.13;
				MARKETING_VERSION = 1.5.0;
				OTHER_CFLAGS = (
					"-DUSE_LOCALHOST=$(USE_LOCALHOST)",
					"$(inherited)",
				);
				PRODUCT_BUNDLE_IDENTIFIER = com.lightstreamer.macos.stockslist;
				PRODUCT_NAME = "$(TARGET_NAME)";
				SWIFT_VERSION = 5.0;
				USE_LOCALHOST = 0;
				WRAPPER_EXTENSION = app;
			};
			name = Release;
		};
/* End XCBuildConfiguration section */

/* Begin XCConfigurationList section */
		8C2FC722177835B3009F4C03 /* Build configuration list for PBXProject "StockList Demo for macOS" */ = {
			isa = XCConfigurationList;
			buildConfigurations = (
				8C2FC742177835B3009F4C03 /* Debug */,
				8C2FC743177835B3009F4C03 /* Release */,
			);
			defaultConfigurationIsVisible = 0;
			defaultConfigurationName = Release;
		};
		8C2FC744177835B3009F4C03 /* Build configuration list for PBXNativeTarget "StockList Demo for macOS" */ = {
			isa = XCConfigurationList;
			buildConfigurations = (
				8C2FC745177835B3009F4C03 /* Debug */,
				8C2FC746177835B3009F4C03 /* Release */,
			);
			defaultConfigurationIsVisible = 0;
			defaultConfigurationName = Release;
		};
/* End XCConfigurationList section */

/* Begin XCRemoteSwiftPackageReference section */
		57971FC426F4D0EC00058B04 /* XCRemoteSwiftPackageReference "Lightstreamer-lib-client-swift" */ = {
			isa = XCRemoteSwiftPackageReference;
			repositoryURL = "https://github.com/Lightstreamer/Lightstreamer-lib-client-swift";
			requirement = {
				kind = upToNextMinorVersion;
				minimumVersion = 5.0.3;
			};
		};
/* End XCRemoteSwiftPackageReference section */

/* Begin XCSwiftPackageProductDependency section */
		57971FC526F4D0EC00058B04 /* LightstreamerClient */ = {
			isa = XCSwiftPackageProductDependency;
			package = 57971FC426F4D0EC00058B04 /* XCRemoteSwiftPackageReference "Lightstreamer-lib-client-swift" */;
			productName = LightstreamerClient;
		};
/* End XCSwiftPackageProductDependency section */
	};
	rootObject = 8C2FC71F177835B3009F4C03 /* Project object */;
}
